// !$*UTF8*$!
{
	archiveVersion = 1;
	classes = {
	};
	objectVersion = 50;
	objects = {

/* Begin PBXBuildFile section */
		8BDEC7B9261CFB2C00453D32 /* WeSplitApp.swift in Sources */ = {isa = PBXBuildFile; fileRef = 8BDEC7B8261CFB2C00453D32 /* WeSplitApp.swift */; };
		8BDEC7BB261CFB2C00453D32 /* ContentView.swift in Sources */ = {isa = PBXBuildFile; fileRef = 8BDEC7BA261CFB2C00453D32 /* ContentView.swift */; };
		8BDEC7BD261CFB2D00453D32 /* Assets.xcassets in Resources */ = {isa = PBXBuildFile; fileRef = 8BDEC7BC261CFB2D00453D32 /* Assets.xcassets */; };
		8BDEC7C0261CFB2D00453D32 /* Preview Assets.xcassets in Resources */ = {isa = PBXBuildFile; fileRef = 8BDEC7BF261CFB2D00453D32 /* Preview Assets.xcassets */; };
		8BDEC7CB261CFB2D00453D32 /* WeSplitTests.swift in Sources */ = {isa = PBXBuildFile; fileRef = 8BDEC7CA261CFB2D00453D32 /* WeSplitTests.swift */; };
		8BDEC7D6261CFB2D00453D32 /* WeSplitUITests.swift in Sources */ = {isa = PBXBuildFile; fileRef = 8BDEC7D5261CFB2D00453D32 /* WeSplitUITests.swift */; };
/* End PBXBuildFile section */

/* Begin PBXContainerItemProxy section */
		8BDEC7C7261CFB2D00453D32 /* PBXContainerItemProxy */ = {
			isa = PBXContainerItemProxy;
			containerPortal = 8BDEC7AD261CFB2C00453D32 /* Project object */;
			proxyType = 1;
			remoteGlobalIDString = 8BDEC7B4261CFB2C00453D32;
			remoteInfo = WeSplit;
		};
		8BDEC7D2261CFB2D00453D32 /* PBXContainerItemProxy */ = {
			isa = PBXContainerItemProxy;
			containerPortal = 8BDEC7AD261CFB2C00453D32 /* Project object */;
			proxyType = 1;
			remoteGlobalIDString = 8BDEC7B4261CFB2C00453D32;
			remoteInfo = WeSplit;
		};
/* End PBXContainerItemProxy section */

/* Begin PBXFileReference section */
		8BDEC7B5261CFB2C00453D32 /* WeSplit.app */ = {isa = PBXFileReference; explicitFileType = wrapper.application; includeInIndex = 0; path = WeSplit.app; sourceTree = BUILT_PRODUCTS_DIR; };
		8BDEC7B8261CFB2C00453D32 /* WeSplitApp.swift */ = {isa = PBXFileReference; lastKnownFileType = sourcecode.swift; path = WeSplitApp.swift; sourceTree = "<group>"; };
		8BDEC7BA261CFB2C00453D32 /* ContentView.swift */ = {isa = PBXFileReference; lastKnownFileType = sourcecode.swift; path = ContentView.swift; sourceTree = "<group>"; };
		8BDEC7BC261CFB2D00453D32 /* Assets.xcassets */ = {isa = PBXFileReference; lastKnownFileType = folder.assetcatalog; path = Assets.xcassets; sourceTree = "<group>"; };
		8BDEC7BF261CFB2D00453D32 /* Preview Assets.xcassets */ = {isa = PBXFileReference; lastKnownFileType = folder.assetcatalog; path = "Preview Assets.xcassets"; sourceTree = "<group>"; };
		8BDEC7C1261CFB2D00453D32 /* Info.plist */ = {isa = PBXFileReference; lastKnownFileType = text.plist.xml; path = Info.plist; sourceTree = "<group>"; };
		8BDEC7C6261CFB2D00453D32 /* WeSplitTests.xctest */ = {isa = PBXFileReference; explicitFileType = wrapper.cfbundle; includeInIndex = 0; path = WeSplitTests.xctest; sourceTree = BUILT_PRODUCTS_DIR; };
		8BDEC7CA261CFB2D00453D32 /* WeSplitTests.swift */ = {isa = PBXFileReference; lastKnownFileType = sourcecode.swift; path = WeSplitTests.swift; sourceTree = "<group>"; };
		8BDEC7CC261CFB2D00453D32 /* Info.plist */ = {isa = PBXFileReference; lastKnownFileType = text.plist.xml; path = Info.plist; sourceTree = "<group>"; };
		8BDEC7D1261CFB2D00453D32 /* WeSplitUITests.xctest */ = {isa = PBXFileReference; explicitFileType = wrapper.cfbundle; includeInIndex = 0; path = WeSplitUITests.xctest; sourceTree = BUILT_PRODUCTS_DIR; };
		8BDEC7D5261CFB2D00453D32 /* WeSplitUITests.swift */ = {isa = PBXFileReference; lastKnownFileType = sourcecode.swift; path = WeSplitUITests.swift; sourceTree = "<group>"; };
		8BDEC7D7261CFB2D00453D32 /* Info.plist */ = {isa = PBXFileReference; lastKnownFileType = text.plist.xml; path = Info.plist; sourceTree = "<group>"; };
/* End PBXFileReference section */

/* Begin PBXFrameworksBuildPhase section */
		8BDEC7B2261CFB2C00453D32 /* Frameworks */ = {
			isa = PBXFrameworksBuildPhase;
			buildActionMask = 2147483647;
			files = (
			);
			runOnlyForDeploymentPostprocessing = 0;
		};
		8BDEC7C3261CFB2D00453D32 /* Frameworks */ = {
			isa = PBXFrameworksBuildPhase;
			buildActionMask = 2147483647;
			files = (
			);
			runOnlyForDeploymentPostprocessing = 0;
		};
		8BDEC7CE261CFB2D00453D32 /* Frameworks */ = {
			isa = PBXFrameworksBuildPhase;
			buildActionMask = 2147483647;
			files = (
			);
			runOnlyForDeploymentPostprocessing = 0;
		};
/* End PBXFrameworksBuildPhase section */

/* Begin PBXGroup section */
		8BDEC7AC261CFB2C00453D32 = {
			isa = PBXGroup;
			children = (
				8BDEC7B7261CFB2C00453D32 /* WeSplit */,
				8BDEC7C9261CFB2D00453D32 /* WeSplitTests */,
				8BDEC7D4261CFB2D00453D32 /* WeSplitUITests */,
				8BDEC7B6261CFB2C00453D32 /* Products */,
			);
			sourceTree = "<group>";
		};
		8BDEC7B6261CFB2C00453D32 /* Products */ = {
			isa = PBXGroup;
			children = (
				8BDEC7B5261CFB2C00453D32 /* WeSplit.app */,
				8BDEC7C6261CFB2D00453D32 /* WeSplitTests.xctest */,
				8BDEC7D1261CFB2D00453D32 /* WeSplitUITests.xctest */,
			);
			name = Products;
			sourceTree = "<group>";
		};
		8BDEC7B7261CFB2C00453D32 /* WeSplit */ = {
			isa = PBXGroup;
			children = (
				8BDEC7B8261CFB2C00453D32 /* WeSplitApp.swift */,
				8BDEC7BA261CFB2C00453D32 /* ContentView.swift */,
				8BDEC7BC261CFB2D00453D32 /* Assets.xcassets */,
				8BDEC7C1261CFB2D00453D32 /* Info.plist */,
				8BDEC7BE261CFB2D00453D32 /* Preview Content */,
			);
			path = WeSplit;
			sourceTree = "<group>";
		};
		8BDEC7BE261CFB2D00453D32 /* Preview Content */ = {
			isa = PBXGroup;
			children = (
				8BDEC7BF261CFB2D00453D32 /* Preview Assets.xcassets */,
			);
			path = "Preview Content";
			sourceTree = "<group>";
		};
		8BDEC7C9261CFB2D00453D32 /* WeSplitTests */ = {
			isa = PBXGroup;
			children = (
				8BDEC7CA261CFB2D00453D32 /* WeSplitTests.swift */,
				8BDEC7CC261CFB2D00453D32 /* Info.plist */,
			);
			path = WeSplitTests;
			sourceTree = "<group>";
		};
		8BDEC7D4261CFB2D00453D32 /* WeSplitUITests */ = {
			isa = PBXGroup;
			children = (
				8BDEC7D5261CFB2D00453D32 /* WeSplitUITests.swift */,
				8BDEC7D7261CFB2D00453D32 /* Info.plist */,
			);
			path = WeSplitUITests;
			sourceTree = "<group>";
		};
/* End PBXGroup section */

/* Begin PBXNativeTarget section */
		8BDEC7B4261CFB2C00453D32 /* WeSplit */ = {
			isa = PBXNativeTarget;
			buildConfigurationList = 8BDEC7DA261CFB2D00453D32 /* Build configuration list for PBXNativeTarget "WeSplit" */;
			buildPhases = (
				8BDEC7B1261CFB2C00453D32 /* Sources */,
				8BDEC7B2261CFB2C00453D32 /* Frameworks */,
				8BDEC7B3261CFB2C00453D32 /* Resources */,
			);
			buildRules = (
			);
			dependencies = (
			);
			name = WeSplit;
			productName = WeSplit;
			productReference = 8BDEC7B5261CFB2C00453D32 /* WeSplit.app */;
			productType = "com.apple.product-type.application";
		};
		8BDEC7C5261CFB2D00453D32 /* WeSplitTests */ = {
			isa = PBXNativeTarget;
			buildConfigurationList = 8BDEC7DD261CFB2D00453D32 /* Build configuration list for PBXNativeTarget "WeSplitTests" */;
			buildPhases = (
				8BDEC7C2261CFB2D00453D32 /* Sources */,
				8BDEC7C3261CFB2D00453D32 /* Frameworks */,
				8BDEC7C4261CFB2D00453D32 /* Resources */,
			);
			buildRules = (
			);
			dependencies = (
				8BDEC7C8261CFB2D00453D32 /* PBXTargetDependency */,
			);
			name = WeSplitTests;
			productName = WeSplitTests;
			productReference = 8BDEC7C6261CFB2D00453D32 /* WeSplitTests.xctest */;
			productType = "com.apple.product-type.bundle.unit-test";
		};
		8BDEC7D0261CFB2D00453D32 /* WeSplitUITests */ = {
			isa = PBXNativeTarget;
			buildConfigurationList = 8BDEC7E0261CFB2D00453D32 /* Build configuration list for PBXNativeTarget "WeSplitUITests" */;
			buildPhases = (
				8BDEC7CD261CFB2D00453D32 /* Sources */,
				8BDEC7CE261CFB2D00453D32 /* Frameworks */,
				8BDEC7CF261CFB2D00453D32 /* Resources */,
			);
			buildRules = (
			);
			dependencies = (
				8BDEC7D3261CFB2D00453D32 /* PBXTargetDependency */,
			);
			name = WeSplitUITests;
			productName = WeSplitUITests;
			productReference = 8BDEC7D1261CFB2D00453D32 /* WeSplitUITests.xctest */;
			productType = "com.apple.product-type.bundle.ui-testing";
		};
/* End PBXNativeTarget section */

/* Begin PBXProject section */
		8BDEC7AD261CFB2C00453D32 /* Project object */ = {
			isa = PBXProject;
			attributes = {
				LastSwiftUpdateCheck = 1240;
				LastUpgradeCheck = 1240;
				TargetAttributes = {
					8BDEC7B4261CFB2C00453D32 = {
						CreatedOnToolsVersion = 12.4;
					};
					8BDEC7C5261CFB2D00453D32 = {
						CreatedOnToolsVersion = 12.4;
						TestTargetID = 8BDEC7B4261CFB2C00453D32;
					};
					8BDEC7D0261CFB2D00453D32 = {
						CreatedOnToolsVersion = 12.4;
						TestTargetID = 8BDEC7B4261CFB2C00453D32;
					};
				};
			};
			buildConfigurationList = 8BDEC7B0261CFB2C00453D32 /* Build configuration list for PBXProject "WeSplit" */;
			compatibilityVersion = "Xcode 9.3";
			developmentRegion = en;
			hasScannedForEncodings = 0;
			knownRegions = (
				en,
				Base,
			);
			mainGroup = 8BDEC7AC261CFB2C00453D32;
			productRefGroup = 8BDEC7B6261CFB2C00453D32 /* Products */;
			projectDirPath = "";
			projectRoot = "";
			targets = (
				8BDEC7B4261CFB2C00453D32 /* WeSplit */,
				8BDEC7C5261CFB2D00453D32 /* WeSplitTests */,
				8BDEC7D0261CFB2D00453D32 /* WeSplitUITests */,
			);
		};
/* End PBXProject section */

/* Begin PBXResourcesBuildPhase section */
		8BDEC7B3261CFB2C00453D32 /* Resources */ = {
			isa = PBXResourcesBuildPhase;
			buildActionMask = 2147483647;
			files = (
				8BDEC7C0261CFB2D00453D32 /* Preview Assets.xcassets in Resources */,
				8BDEC7BD261CFB2D00453D32 /* Assets.xcassets in Resources */,
			);
			runOnlyForDeploymentPostprocessing = 0;
		};
		8BDEC7C4261CFB2D00453D32 /* Resources */ = {
			isa = PBXResourcesBuildPhase;
			buildActionMask = 2147483647;
			files = (
			);
			runOnlyForDeploymentPostprocessing = 0;
		};
		8BDEC7CF261CFB2D00453D32 /* Resources */ = {
			isa = PBXResourcesBuildPhase;
			buildActionMask = 2147483647;
			files = (
			);
			runOnlyForDeploymentPostprocessing = 0;
		};
/* End PBXResourcesBuildPhase section */

/* Begin PBXSourcesBuildPhase section */
		8BDEC7B1261CFB2C00453D32 /* Sources */ = {
			isa = PBXSourcesBuildPhase;
			buildActionMask = 2147483647;
			files = (
				8BDEC7BB261CFB2C00453D32 /* ContentView.swift in Sources */,
				8BDEC7B9261CFB2C00453D32 /* WeSplitApp.swift in Sources */,
			);
			runOnlyForDeploymentPostprocessing = 0;
		};
		8BDEC7C2261CFB2D00453D32 /* Sources */ = {
			isa = PBXSourcesBuildPhase;
			buildActionMask = 2147483647;
			files = (
				8BDEC7CB261CFB2D00453D32 /* WeSplitTests.swift in Sources */,
			);
			runOnlyForDeploymentPostprocessing = 0;
		};
		8BDEC7CD261CFB2D00453D32 /* Sources */ = {
			isa = PBXSourcesBuildPhase;
			buildActionMask = 2147483647;
			files = (
				8BDEC7D6261CFB2D00453D32 /* WeSplitUITests.swift in Sources */,
			);
			runOnlyForDeploymentPostprocessing = 0;
		};
/* End PBXSourcesBuildPhase section */

/* Begin PBXTargetDependency section */
		8BDEC7C8261CFB2D00453D32 /* PBXTargetDependency */ = {
			isa = PBXTargetDependency;
			target = 8BDEC7B4261CFB2C00453D32 /* WeSplit */;
			targetProxy = 8BDEC7C7261CFB2D00453D32 /* PBXContainerItemProxy */;
		};
		8BDEC7D3261CFB2D00453D32 /* PBXTargetDependency */ = {
			isa = PBXTargetDependency;
			target = 8BDEC7B4261CFB2C00453D32 /* WeSplit */;
			targetProxy = 8BDEC7D2261CFB2D00453D32 /* PBXContainerItemProxy */;
		};
/* End PBXTargetDependency section */

/* Begin XCBuildConfiguration section */
		8BDEC7D8261CFB2D00453D32 /* Debug */ = {
			isa = XCBuildConfiguration;
			buildSettings = {
				ALWAYS_SEARCH_USER_PATHS = NO;
				CLANG_ANALYZER_NONNULL = YES;
				CLANG_ANALYZER_NUMBER_OBJECT_CONVERSION = YES_AGGRESSIVE;
				CLANG_CXX_LANGUAGE_STANDARD = "gnu++14";
				CLANG_CXX_LIBRARY = "libc++";
				CLANG_ENABLE_MODULES = YES;
				CLANG_ENABLE_OBJC_ARC = YES;
				CLANG_ENABLE_OBJC_WEAK = YES;
				CLANG_WARN_BLOCK_CAPTURE_AUTORELEASING = YES;
				CLANG_WARN_BOOL_CONVERSION = YES;
				CLANG_WARN_COMMA = YES;
				CLANG_WARN_CONSTANT_CONVERSION = YES;
				CLANG_WARN_DEPRECATED_OBJC_IMPLEMENTATIONS = YES;
				CLANG_WARN_DIRECT_OBJC_ISA_USAGE = YES_ERROR;
				CLANG_WARN_DOCUMENTATION_COMMENTS = YES;
				CLANG_WARN_EMPTY_BODY = YES;
				CLANG_WARN_ENUM_CONVERSION = YES;
				CLANG_WARN_INFINITE_RECURSION = YES;
				CLANG_WARN_INT_CONVERSION = YES;
				CLANG_WARN_NON_LITERAL_NULL_CONVERSION = YES;
				CLANG_WARN_OBJC_IMPLICIT_RETAIN_SELF = YES;
				CLANG_WARN_OBJC_LITERAL_CONVERSION = YES;
				CLANG_WARN_OBJC_ROOT_CLASS = YES_ERROR;
				CLANG_WARN_QUOTED_INCLUDE_IN_FRAMEWORK_HEADER = YES;
				CLANG_WARN_RANGE_LOOP_ANALYSIS = YES;
				CLANG_WARN_STRICT_PROTOTYPES = YES;
				CLANG_WARN_SUSPICIOUS_MOVE = YES;
				CLANG_WARN_UNGUARDED_AVAILABILITY = YES_AGGRESSIVE;
				CLANG_WARN_UNREACHABLE_CODE = YES;
				CLANG_WARN__DUPLICATE_METHOD_MATCH = YES;
				COPY_PHASE_STRIP = NO;
				DEBUG_INFORMATION_FORMAT = dwarf;
				ENABLE_STRICT_OBJC_MSGSEND = YES;
				ENABLE_TESTABILITY = YES;
				GCC_C_LANGUAGE_STANDARD = gnu11;
				GCC_DYNAMIC_NO_PIC = NO;
				GCC_NO_COMMON_BLOCKS = YES;
				GCC_OPTIMIZATION_LEVEL = 0;
				GCC_PREPROCESSOR_DEFINITIONS = (
					"DEBUG=1",
					"$(inherited)",
				);
				GCC_WARN_64_TO_32_BIT_CONVERSION = YES;
				GCC_WARN_ABOUT_RETURN_TYPE = YES_ERROR;
				GCC_WARN_UNDECLARED_SELECTOR = YES;
				GCC_WARN_UNINITIALIZED_AUTOS = YES_AGGRESSIVE;
				GCC_WARN_UNUSED_FUNCTION = YES;
				GCC_WARN_UNUSED_VARIABLE = YES;
				IPHONEOS_DEPLOYMENT_TARGET = 14.4;
				MTL_ENABLE_DEBUG_INFO = INCLUDE_SOURCE;
				MTL_FAST_MATH = YES;
				ONLY_ACTIVE_ARCH = YES;
				SDKROOT = iphoneos;
				SWIFT_ACTIVE_COMPILATION_CONDITIONS = DEBUG;
				SWIFT_OPTIMIZATION_LEVEL = "-Onone";
			};
			name = Debug;
		};
		8BDEC7D9261CFB2D00453D32 /* Release */ = {
			isa = XCBuildConfiguration;
			buildSettings = {
				ALWAYS_SEARCH_USER_PATHS = NO;
				CLANG_ANALYZER_NONNULL = YES;
				CLANG_ANALYZER_NUMBER_OBJECT_CONVERSION = YES_AGGRESSIVE;
				CLANG_CXX_LANGUAGE_STANDARD = "gnu++14";
				CLANG_CXX_LIBRARY = "libc++";
				CLANG_ENABLE_MODULES = YES;
				CLANG_ENABLE_OBJC_ARC = YES;
				CLANG_ENABLE_OBJC_WEAK = YES;
				CLANG_WARN_BLOCK_CAPTURE_AUTORELEASING = YES;
				CLANG_WARN_BOOL_CONVERSION = YES;
				CLANG_WARN_COMMA = YES;
				CLANG_WARN_CONSTANT_CONVERSION = YES;
				CLANG_WARN_DEPRECATED_OBJC_IMPLEMENTATIONS = YES;
				CLANG_WARN_DIRECT_OBJC_ISA_USAGE = YES_ERROR;
				CLANG_WARN_DOCUMENTATION_COMMENTS = YES;
				CLANG_WARN_EMPTY_BODY = YES;
				CLANG_WARN_ENUM_CONVERSION = YES;
				CLANG_WARN_INFINITE_RECURSION = YES;
				CLANG_WARN_INT_CONVERSION = YES;
				CLANG_WARN_NON_LITERAL_NULL_CONVERSION = YES;
				CLANG_WARN_OBJC_IMPLICIT_RETAIN_SELF = YES;
				CLANG_WARN_OBJC_LITERAL_CONVERSION = YES;
				CLANG_WARN_OBJC_ROOT_CLASS = YES_ERROR;
				CLANG_WARN_QUOTED_INCLUDE_IN_FRAMEWORK_HEADER = YES;
				CLANG_WARN_RANGE_LOOP_ANALYSIS = YES;
				CLANG_WARN_STRICT_PROTOTYPES = YES;
				CLANG_WARN_SUSPICIOUS_MOVE = YES;
				CLANG_WARN_UNGUARDED_AVAILABILITY = YES_AGGRESSIVE;
				CLANG_WARN_UNREACHABLE_CODE = YES;
				CLANG_WARN__DUPLICATE_METHOD_MATCH = YES;
				COPY_PHASE_STRIP = NO;
				DEBUG_INFORMATION_FORMAT = "dwarf-with-dsym";
				ENABLE_NS_ASSERTIONS = NO;
				ENABLE_STRICT_OBJC_MSGSEND = YES;
				GCC_C_LANGUAGE_STANDARD = gnu11;
				GCC_NO_COMMON_BLOCKS = YES;
				GCC_WARN_64_TO_32_BIT_CONVERSION = YES;
				GCC_WARN_ABOUT_RETURN_TYPE = YES_ERROR;
				GCC_WARN_UNDECLARED_SELECTOR = YES;
				GCC_WARN_UNINITIALIZED_AUTOS = YES_AGGRESSIVE;
				GCC_WARN_UNUSED_FUNCTION = YES;
				GCC_WARN_UNUSED_VARIABLE = YES;
				IPHONEOS_DEPLOYMENT_TARGET = 14.4;
				MTL_ENABLE_DEBUG_INFO = NO;
				MTL_FAST_MATH = YES;
				SDKROOT = iphoneos;
				SWIFT_COMPILATION_MODE = wholemodule;
				SWIFT_OPTIMIZATION_LEVEL = "-O";
				VALIDATE_PRODUCT = YES;
			};
			name = Release;
		};
		8BDEC7DB261CFB2D00453D32 /* Debug */ = {
			isa = XCBuildConfiguration;
			buildSettings = {
				ASSETCATALOG_COMPILER_APPICON_NAME = AppIcon;
				ASSETCATALOG_COMPILER_GLOBAL_ACCENT_COLOR_NAME = AccentColor;
				CODE_SIGN_STYLE = Automatic;
				DEVELOPMENT_ASSET_PATHS = "\"WeSplit/Preview Content\"";
				DEVELOPMENT_TEAM = Q2QLXFUV8X;
				ENABLE_PREVIEWS = YES;
				INFOPLIST_FILE = WeSplit/Info.plist;
				IPHONEOS_DEPLOYMENT_TARGET = 14.0;
				LD_RUNPATH_SEARCH_PATHS = (
					"$(inherited)",
					"@executable_path/Frameworks",
				);
				PRODUCT_BUNDLE_IDENTIFIER = com.corykelley.WeSplit;
				PRODUCT_NAME = "$(TARGET_NAME)";
				SWIFT_VERSION = 5.0;
				TARGETED_DEVICE_FAMILY = "1,2";
			};
			name = Debug;
		};
		8BDEC7DC261CFB2D00453D32 /* Release */ = {
			isa = XCBuildConfiguration;
			buildSettings = {
				ASSETCATALOG_COMPILER_APPICON_NAME = AppIcon;
				ASSETCATALOG_COMPILER_GLOBAL_ACCENT_COLOR_NAME = AccentColor;
				CODE_SIGN_STYLE = Automatic;
				DEVELOPMENT_ASSET_PATHS = "\"WeSplit/Preview Content\"";
				DEVELOPMENT_TEAM = Q2QLXFUV8X;
				ENABLE_PREVIEWS = YES;
				INFOPLIST_FILE = WeSplit/Info.plist;
				IPHONEOS_DEPLOYMENT_TARGET = 14.0;
				LD_RUNPATH_SEARCH_PATHS = (
					"$(inherited)",
					"@executable_path/Frameworks",
				);
				PRODUCT_BUNDLE_IDENTIFIER = com.corykelley.WeSplit;
				PRODUCT_NAME = "$(TARGET_NAME)";
				SWIFT_VERSION = 5.0;
				TARGETED_DEVICE_FAMILY = "1,2";
			};
			name = Release;
		};
		8BDEC7DE261CFB2D00453D32 /* Debug */ = {
			isa = XCBuildConfiguration;
			buildSettings = {
				ALWAYS_EMBED_SWIFT_STANDARD_LIBRARIES = YES;
				BUNDLE_LOADER = "$(TEST_HOST)";
				CODE_SIGN_STYLE = Automatic;
				DEVELOPMENT_TEAM = Q2QLXFUV8X;
				INFOPLIST_FILE = WeSplitTests/Info.plist;
				IPHONEOS_DEPLOYMENT_TARGET = 14.0;
				LD_RUNPATH_SEARCH_PATHS = (
					"$(inherited)",
					"@executable_path/Frameworks",
					"@loader_path/Frameworks",
				);
				PRODUCT_BUNDLE_IDENTIFIER = com.corykelley.WeSplitTests;
				PRODUCT_NAME = "$(TARGET_NAME)";
				SWIFT_VERSION = 5.0;
				TARGETED_DEVICE_FAMILY = "1,2";
				TEST_HOST = "$(BUILT_PRODUCTS_DIR)/WeSplit.app/WeSplit";
			};
			name = Debug;
		};
		8BDEC7DF261CFB2D00453D32 /* Release */ = {
			isa = XCBuildConfiguration;
			buildSettings = {
				ALWAYS_EMBED_SWIFT_STANDARD_LIBRARIES = YES;
				BUNDLE_LOADER = "$(TEST_HOST)";
				CODE_SIGN_STYLE = Automatic;
				DEVELOPMENT_TEAM = Q2QLXFUV8X;
				INFOPLIST_FILE = WeSplitTests/Info.plist;
				IPHONEOS_DEPLOYMENT_TARGET = 14.0;
				LD_RUNPATH_SEARCH_PATHS = (
					"$(inherited)",
					"@executable_path/Frameworks",
					"@loader_path/Frameworks",
				);
				PRODUCT_BUNDLE_IDENTIFIER = com.corykelley.WeSplitTests;
				PRODUCT_NAME = "$(TARGET_NAME)";
				SWIFT_VERSION = 5.0;
				TARGETED_DEVICE_FAMILY = "1,2";
				TEST_HOST = "$(BUILT_PRODUCTS_DIR)/WeSplit.app/WeSplit";
			};
			name = Release;
		};
		8BDEC7E1261CFB2D00453D32 /* Debug */ = {
			isa = XCBuildConfiguration;
			buildSettings = {
				ALWAYS_EMBED_SWIFT_STANDARD_LIBRARIES = YES;
				CODE_SIGN_STYLE = Automatic;
				DEVELOPMENT_TEAM = Q2QLXFUV8X;
				INFOPLIST_FILE = WeSplitUITests/Info.plist;
				LD_RUNPATH_SEARCH_PATHS = (
					"$(inherited)",
					"@executable_path/Frameworks",
					"@loader_path/Frameworks",
				);
				PRODUCT_BUNDLE_IDENTIFIER = com.corykelley.WeSplitUITests;
				PRODUCT_NAME = "$(TARGET_NAME)";
				SWIFT_VERSION = 5.0;
				TARGETED_DEVICE_FAMILY = "1,2";
				TEST_TARGET_NAME = WeSplit;
			};
			name = Debug;
		};
		8BDEC7E2261CFB2D00453D32 /* Release */ = {
			isa = XCBuildConfiguration;
			buildSettings = {
				ALWAYS_EMBED_SWIFT_STANDARD_LIBRARIES = YES;
				CODE_SIGN_STYLE = Automatic;
				DEVELOPMENT_TEAM = Q2QLXFUV8X;
				INFOPLIST_FILE = WeSplitUITests/Info.plist;
				LD_RUNPATH_SEARCH_PATHS = (
					"$(inherited)",
					"@executable_path/Frameworks",
					"@loader_path/Frameworks",
				);
				PRODUCT_BUNDLE_IDENTIFIER = com.corykelley.WeSplitUITests;
				PRODUCT_NAME = "$(TARGET_NAME)";
				SWIFT_VERSION = 5.0;
				TARGETED_DEVICE_FAMILY = "1,2";
				TEST_TARGET_NAME = WeSplit;
			};
			name = Release;
		};
/* End XCBuildConfiguration section */

/* Begin XCConfigurationList section */
		8BDEC7B0261CFB2C00453D32 /* Build configuration list for PBXProject "WeSplit" */ = {
			isa = XCConfigurationList;
			buildConfigurations = (
				8BDEC7D8261CFB2D00453D32 /* Debug */,
				8BDEC7D9261CFB2D00453D32 /* Release */,
			);
			defaultConfigurationIsVisible = 0;
			defaultConfigurationName = Release;
		};
		8BDEC7DA261CFB2D00453D32 /* Build configuration list for PBXNativeTarget "WeSplit" */ = {
			isa = XCConfigurationList;
			buildConfigurations = (
				8BDEC7DB261CFB2D00453D32 /* Debug */,
				8BDEC7DC261CFB2D00453D32 /* Release */,
			);
			defaultConfigurationIsVisible = 0;
			defaultConfigurationName = Release;
		};
		8BDEC7DD261CFB2D00453D32 /* Build configuration list for PBXNativeTarget "WeSplitTests" */ = {
			isa = XCConfigurationList;
			buildConfigurations = (
				8BDEC7DE261CFB2D00453D32 /* Debug */,
				8BDEC7DF261CFB2D00453D32 /* Release */,
			);
			defaultConfigurationIsVisible = 0;
			defaultConfigurationName = Release;
		};
		8BDEC7E0261CFB2D00453D32 /* Build configuration list for PBXNativeTarget "WeSplitUITests" */ = {
			isa = XCConfigurationList;
			buildConfigurations = (
				8BDEC7E1261CFB2D00453D32 /* Debug */,
				8BDEC7E2261CFB2D00453D32 /* Release */,
			);
			defaultConfigurationIsVisible = 0;
			defaultConfigurationName = Release;
		};
/* End XCConfigurationList section */
	};
	rootObject = 8BDEC7AD261CFB2C00453D32 /* Project object */;
}
